{
  "version": "3",
  "packages": {
    "specifiers": {
      "jsr:@std/dotenv": "jsr:@std/dotenv@0.225.2",
      "jsr:@std/fmt@0.225.1": "jsr:@std/fmt@0.225.1",
      "jsr:@std/io@0.224.0": "jsr:@std/io@0.224.0",
      "npm:@types/node": "npm:@types/node@18.16.19"
    },
    "jsr": {
      "@std/dotenv@0.225.2": {
        "integrity": "e2025dce4de6c7bca21dece8baddd4262b09d5187217e231b033e088e0c4dd23"
      },
      "@std/fmt@0.225.1": {
        "integrity": "44a8cb375d7344adb3cb0208b85ea0bde7cdc15224c11188c85e733834ffe356"
      },
      "@std/io@0.224.0": {
        "integrity": "0aff885d21d829c050b8a08b1d71b54aed5841aecf227f8d77e99ec529a11e8e"
      }
    },
    "npm": {
      "@types/node@18.16.19": {
        "integrity": "sha512-IXl7o+R9iti9eBW4Wg2hx1xQDig183jj7YLn8F7udNceyfkbn1ZxmzZXuak20gR40D7pIkIY1kYGx5VIGbaHKA==",
        "dependencies": {}
      }
    }
  },
  "remote": {
    "https://deno.land/std@0.150.0/media_types/_util.ts": "ce9b4fc4ba1c447dafab619055e20fd88236ca6bdd7834a21f98bd193c3fbfa1",
    "https://deno.land/std@0.150.0/media_types/mod.ts": "2d4b6f32a087029272dc59e0a55ae3cc4d1b27b794ccf528e94b1925795b3118",
    "https://deno.land/std@0.150.0/media_types/vendor/mime-db.v1.52.0.ts": "724cee25fa40f1a52d3937d6b4fbbfdd7791ff55e1b7ac08d9319d5632c7f5af",
    "https://deno.land/x/logger@v1.1.6/date.ts": "e0e2246350afbbad09a40fb0755c0820e52154a0e576719f685fe9a0103d29f3",
    "https://deno.land/x/logger@v1.1.6/deps.ts": "85ac81fd5e6738541dee3fddf0a7ff7f1ca943822c6ef9e212bbea2baee92c67",
    "https://deno.land/x/logger@v1.1.6/eol.ts": "8da67b2cb62c1cee6920e88797f1d9f647425df7f4decafc4dd3775e29d0125d",
    "https://deno.land/x/logger@v1.1.6/fs.ts": "36fdfc2b162a586e7b829b42244f7a54513d75e9a382e12f1379a7aad8446d18",
    "https://deno.land/x/logger@v1.1.6/interface.ts": "9f8cf829271816b5b842aa89ce44adefdf35619c6c8e62c36fd2e6fe458948b3",
    "https://deno.land/x/logger@v1.1.6/logger.ts": "5b12605357c35f7c29f56d62cf685a6f1ba40a1f4311b3543654666860cee7a8",
    "https://deno.land/x/logger@v1.1.6/stdout.ts": "28ff623094e1719d86a093c589558fba095caba4f30832493d07e82ea2d4ae59",
    "https://deno.land/x/logger@v1.1.6/types.ts": "7769b3a4059d25090a55079ee1ef77ff76adbcab22d017fe0a8a4a96e1eac8a0",
    "https://deno.land/x/logger@v1.1.6/writable.ts": "fe7be1f590d01c9ed92f46120c847b8bcf7b19799ae139b8c5a42875952653e7",
    "https://deno.land/x/logger@v1.1.6/writer.ts": "414a938e50a69fbd248e3247774f32e546bf0e80ff6e99c2d8aa70dcda97d2e3",
    "https://deno.land/x/xhr@0.3.0/mod.ts": "094aacd627fd9635cd942053bf8032b5223b909858fa9dc8ffa583752ff63b20",
    "https://esm.sh/@larksuiteoapi/node-sdk@1.35.0": "2485bb54516f622fa2f66786ecfda5bdad7d660a2842d7792cf44e8159527662",
    "https://esm.sh/v135/@larksuiteoapi/node-sdk@1.35.0/denonext/node-sdk.mjs": "70bd67d702a0f5b4cc4436c7f02c193c6f5cc34ba02db759314604826d1238fb",
    "https://esm.sh/v135/@protobufjs/aspromise@1.1.2/denonext/aspromise.mjs": "3d83037425036ea5fa83a5893059b313e9197af8b1ba84f775ac05e6df7736e4",
    "https://esm.sh/v135/@protobufjs/base64@1.1.2/denonext/base64.mjs": "acea461f17e7d0f813b08a633809c6810dc592b28a9eb26dba0b8f1b7af911b8",
    "https://esm.sh/v135/@protobufjs/eventemitter@1.1.0/denonext/eventemitter.mjs": "0299224895b8f43109b42926a0ee2dadd6138e638445327585107a8cc82f6a17",
    "https://esm.sh/v135/@protobufjs/float@1.0.2/denonext/float.mjs": "af49a1cdbb9b232cdef5f8a772e04bf4628671873bd39ca33a9dd9ffd0115dea",
    "https://esm.sh/v135/@protobufjs/inquire@1.1.0/denonext/inquire.mjs": "5920ac62d435331221345c39a263ceb1d2f8711df73cb5af89ccd41074fcc82a",
    "https://esm.sh/v135/@protobufjs/pool@1.1.0/denonext/pool.mjs": "01b3d9ea0df1fefa04eae55ea83d2a8198cfcb3e6dbfac15a8bf37cfc80abd19",
    "https://esm.sh/v135/@protobufjs/utf8@1.1.0/denonext/utf8.mjs": "52b7bc421bad149db24d90d8ac5364f2c9f9766e5449fd266d5edf04b2669f23",
    "https://esm.sh/v135/axios@0.28.1/denonext/index.js": "71437d1b93b2bdab82bed19e2d1e3d07cc7c7f681761241311bea3071a867a44",
    "https://esm.sh/v135/axios@0.28.1/index.js": "7d636451fe3a4c86405186799b46bd2f029942ee25ad53034783f87c917195f3",
    "https://esm.sh/v135/axios@1.4.0/denonext/axios.mjs": "82a75e783ee83169dc475b6c0c9fbef92cebd31b2912d05bd0286eb29d1ef5ee",
    "https://esm.sh/v135/axios@1.4.0/denonext/unsafe/adapters/adapters.js": "2510c693068786dad0a06e0b5da927e0fe22db57e356264a593f798874aff4ff",
    "https://esm.sh/v135/axios@1.4.0/denonext/unsafe/adapters/http.js": "2793b0406512c4b6bbd85ff0325b9157e26ac00356616aea6569e2bdfd16c459",
    "https://esm.sh/v135/axios@1.4.0/denonext/unsafe/adapters/xhr.js": "5c920e76713e71902df677ff2b63e954ea867bb60483bf5c7a65e43f2ad3a8c4",
    "https://esm.sh/v135/axios@1.4.0/denonext/unsafe/axios.js": "96afbf970705ddee22a31be117618f5202d6f6a94e9903977d90c587779d9fbf",
    "https://esm.sh/v135/axios@1.4.0/denonext/unsafe/cancel/CancelToken.js": "629eb71bb838822abe7d227c5aaa9a390e4c91fe7005843ea12a773c72bf769e",
    "https://esm.sh/v135/axios@1.4.0/denonext/unsafe/cancel/CanceledError.js": "b4d6e29b1da1c13da66b34728688dd2c63eb28db1255168a7280c53397787c77",
    "https://esm.sh/v135/axios@1.4.0/denonext/unsafe/cancel/isCancel.js": "916065126bcbb637ecca0ce6a61467de7ddcff18b2ec5ceb5f087991c29de0ae",
    "https://esm.sh/v135/axios@1.4.0/denonext/unsafe/core/Axios.js": "f912a4511fd9c4c3a632adf9f689f27686e33721bd4a1550306db908857daa35",
    "https://esm.sh/v135/axios@1.4.0/denonext/unsafe/core/AxiosError.js": "47cd72e2efbb325f648aa1d6ecbc6ebd6b1f90e9533996382da723a15c829575",
    "https://esm.sh/v135/axios@1.4.0/denonext/unsafe/core/AxiosHeaders.js": "0a805ed93606ab3c09f19444fe41b3285a577929ae447616efd98f329570d9a1",
    "https://esm.sh/v135/axios@1.4.0/denonext/unsafe/core/InterceptorManager.js": "d8219c899a1ccf30f007d880fa6eedf0b4326be8e514876fac692d10adb47fcf",
    "https://esm.sh/v135/axios@1.4.0/denonext/unsafe/core/buildFullPath.js": "a62f65d9d1809a1473a937af67c2481b26ab36a94ebe7e5d8b02408acbf8ede8",
    "https://esm.sh/v135/axios@1.4.0/denonext/unsafe/core/dispatchRequest.js": "e3fc4db5327b7a8c88a289227d6397c154f52af0af44bf10df7ed5e80d61ce32",
    "https://esm.sh/v135/axios@1.4.0/denonext/unsafe/core/mergeConfig.js": "58973ffa3b0968ff1945ef7532692731850057b723cfc1dcc5894ce330394abe",
    "https://esm.sh/v135/axios@1.4.0/denonext/unsafe/core/settle.js": "14912d8cbd914d825edc2865aa84e92db34d56c488360b3ff0dbc222de5e7aec",
    "https://esm.sh/v135/axios@1.4.0/denonext/unsafe/core/transformData.js": "c8416a55d96f37610a9d6aab648239955202ef78ff4c73e90328b39a192e5022",
    "https://esm.sh/v135/axios@1.4.0/denonext/unsafe/defaults.js": "e605f17d91714df6923efda532ae684ec72cb909a4234fbf128a61ec1a716ff4",
    "https://esm.sh/v135/axios@1.4.0/denonext/unsafe/defaults/transitional.js": "7cb07a495b2999c8849113b1a8947b18c15e9955420e8f02f71bb3a6e9f7dffe",
    "https://esm.sh/v135/axios@1.4.0/denonext/unsafe/env/data.js": "37cd02252988327c70bdd259d30b5af1179527e9f3545cbc9345a253f1715480",
    "https://esm.sh/v135/axios@1.4.0/denonext/unsafe/helpers/AxiosTransformStream.js": "9a698c786482739f3799bc7b2a0fdfab000c115dfab1a7ae0e19a4e42d1f5035",
    "https://esm.sh/v135/axios@1.4.0/denonext/unsafe/helpers/AxiosURLSearchParams.js": "17a1105030c13191a3b2031726a30a8de23c44e7e864a49b030ac8e341a766c9",
    "https://esm.sh/v135/axios@1.4.0/denonext/unsafe/helpers/HttpStatusCode.js": "b5c84ece24f161ca0f8ff40962a218827902b05597f37f503e45626b11a7fc66",
    "https://esm.sh/v135/axios@1.4.0/denonext/unsafe/helpers/ZlibHeaderTransformStream.js": "d245342dd4eea1eb6756893f8f8c2dd0a89ff3100bcf3de1cb0f9e22535b6f97",
    "https://esm.sh/v135/axios@1.4.0/denonext/unsafe/helpers/bind.js": "466c68223e123509e688c08fb0157a62cb5d99d1246541477506e76cadac0f43",
    "https://esm.sh/v135/axios@1.4.0/denonext/unsafe/helpers/buildURL.js": "1f4915607d7623375415b9860608b855ea0010724ff0d2986437d648763a57df",
    "https://esm.sh/v135/axios@1.4.0/denonext/unsafe/helpers/callbackify.js": "7d7fd5a32ea0ed24f13cdc2ca6067241cee1ad39bd50b8d3c27ded9159401ac6",
    "https://esm.sh/v135/axios@1.4.0/denonext/unsafe/helpers/combineURLs.js": "c5f8358a20b95c55d14256d8f4529207357babf471e0030e68e73ec778037aa1",
    "https://esm.sh/v135/axios@1.4.0/denonext/unsafe/helpers/cookies.js": "847f3ea49293b21c370479b8c13719c1073772e214835cdd7ec527a10e61260e",
    "https://esm.sh/v135/axios@1.4.0/denonext/unsafe/helpers/formDataToJSON.js": "daa96815b02c777e2f1005d8170fdf24ec5e5eaacee6c7733ad7aaeb92b295e8",
    "https://esm.sh/v135/axios@1.4.0/denonext/unsafe/helpers/formDataToStream.js": "49b6b3ab9caaa019732f743f765caa65acf379f3b8c2fc8466a218737caec6ca",
    "https://esm.sh/v135/axios@1.4.0/denonext/unsafe/helpers/fromDataURI.js": "9ddc723c04fef9d7a8228716ef3755cac206a0d76d9dcb263a2240db886227e0",
    "https://esm.sh/v135/axios@1.4.0/denonext/unsafe/helpers/isAbsoluteURL.js": "9b5a31b3499e77a7e2fc5777ae6035da365bd048e56a1c845b53fdd758acc0f6",
    "https://esm.sh/v135/axios@1.4.0/denonext/unsafe/helpers/isAxiosError.js": "de57cfea3a30618e66dfbb2d1533a8aeef740f25cd4889b5ac85d427976ffd1b",
    "https://esm.sh/v135/axios@1.4.0/denonext/unsafe/helpers/isURLSameOrigin.js": "3b661f67b97953aac1c16467415974eb66cae511a5ae39c9ef664243c8f130be",
    "https://esm.sh/v135/axios@1.4.0/denonext/unsafe/helpers/parseHeaders.js": "d968121d251b2f931b3516a8cd2a8553c800d629d6636aa3cbc67a1acb5566f3",
    "https://esm.sh/v135/axios@1.4.0/denonext/unsafe/helpers/parseProtocol.js": "1b10eb7940fe45a9e33738b1552ade8434c0b949f60e9fe354a4a60758d32ea5",
    "https://esm.sh/v135/axios@1.4.0/denonext/unsafe/helpers/readBlob.js": "73a246f0b3a3b130ca9b7b3d80d452de16a975e30b334e11a643053a692dc7d4",
    "https://esm.sh/v135/axios@1.4.0/denonext/unsafe/helpers/speedometer.js": "aee4be4fe7fdfb2e43fb8763d387e4e45af8f3b45b65c98cbd0966ad12751738",
    "https://esm.sh/v135/axios@1.4.0/denonext/unsafe/helpers/spread.js": "0e5dde69e45a61f3084042e240978be39e2c1b3f6387dc0e266b179196f3ef9a",
    "https://esm.sh/v135/axios@1.4.0/denonext/unsafe/helpers/throttle.js": "cb5e9c03a0b87c1e3417fa894685facfe029766e5661c50a9fdc9e95f92fd8e7",
    "https://esm.sh/v135/axios@1.4.0/denonext/unsafe/helpers/toFormData.js": "a4d14191a7d713b2edd463c1c85cd29f5e3a0cc9056504373298eb6af48036c7",
    "https://esm.sh/v135/axios@1.4.0/denonext/unsafe/helpers/toURLEncodedForm.js": "ea5e867c033391b700a671318d813ba253850b1acdaab5786bee36b676fbfd6a",
    "https://esm.sh/v135/axios@1.4.0/denonext/unsafe/helpers/validator.js": "5f54b7ca538fc261e873946ade0b877cce97a0d65244fbe478c4a2f5c2e2b13e",
    "https://esm.sh/v135/axios@1.4.0/denonext/unsafe/platform.js": "ed0b50582c7310933e33384b6af5023440b3993619d87c8704c695c2585c92dc",
    "https://esm.sh/v135/axios@1.4.0/denonext/unsafe/platform/node.js": "cfa39987e92809fbf4cd0c329ece467695a19af53158e98b539d9c74eed64328",
    "https://esm.sh/v135/axios@1.4.0/denonext/unsafe/platform/node/classes/FormData.js": "05ae1f1f389244bdac384253f0620fe825e509db0227855a5ddff5d591b918b3",
    "https://esm.sh/v135/axios@1.4.0/denonext/unsafe/platform/node/classes/URLSearchParams.js": "f0382d9ce15908a8e315ea95b1c81ab3df562029c8a1b20e490bdd72839eb714",
    "https://esm.sh/v135/axios@1.4.0/denonext/unsafe/utils.js": "3abaeed2a6a73273f797b15b73ee8e59b1685cb49748f2dd4f88163a582fcdd4",
    "https://esm.sh/v135/bufferutil@4.0.8/denonext/bufferutil.mjs": "60a4618cbd1a5cb24935c55590b793d4ecb33862357d32e1d4614a0bbb90947f",
    "https://esm.sh/v135/debug@4.3.4/denonext/debug.mjs": "d2ebf776ea77aa7df1b4460eb2a4aab245a9d5b19f11fa1db25f756b350bae9d",
    "https://esm.sh/v135/follow-redirects@1.15.3/denonext/follow-redirects.mjs": "1fb882e72f103df278e0925b887081ab6cf6e33658abe7641278e23566e5e90b",
    "https://esm.sh/v135/form-data@4.0.0/denonext/form-data.mjs": "48e84ac3b590bc364839367938d7e48ca37615a0c66e56dcc7356c3172ec7790",
    "https://esm.sh/v135/lodash.get@4.4.2/denonext/lodash.get.mjs": "2794cfe02fdaebe33fe9724e4fb6f8f3ea2cecfd910552a3bcd7bcfc4cf01a32",
    "https://esm.sh/v135/lodash.identity@3.0.0/denonext/lodash.identity.mjs": "a9d4f99fc05b9e92650df9830656c6fd86cc3ad17168b495a048a3785e430f27",
    "https://esm.sh/v135/lodash.merge@4.6.2/denonext/lodash.merge.mjs": "d960a7d88ca40ddf12693a1838c9a045e196d8d448a0a3246929c4fefe9ccb78",
    "https://esm.sh/v135/lodash.pick@4.4.0/denonext/lodash.pick.mjs": "dd7aa25d73cc4c50d25c7889871b8b78b8a7017c6efd10e41d08aa9dccc6b550",
    "https://esm.sh/v135/lodash.pickby@4.6.0/denonext/lodash.pickby.mjs": "c017442ecfedc81f0e88dfc518eda75a1fb33cd3a2451a8c1736eb7d8ee72e37",
    "https://esm.sh/v135/ms@2.1.2/denonext/ms.mjs": "aa4dc45ba72554c5011168f8910cc646c37af53cfff1a15a4decced838b8eb14",
    "https://esm.sh/v135/node-gyp-build@4.6.1/denonext/node-gyp-build.mjs": "5d28b312f145a6cb2ec0dbdd80a7d34c0e0e6b5dcada65411d8bcff6c8991cc6",
    "https://esm.sh/v135/node-gyp-build@4.8.1/denonext/node-gyp-build.mjs": "cddfc39c5f2d6e228fb1cd8cc36a594d870470b01348f866a7fb4e6f3ed8c66d",
    "https://esm.sh/v135/protobufjs@7.4.0/denonext/minimal.js": "b3eda8bff010114775310ac609edb3fc76e38a5e032e0571b150f3cd6e49ef1d",
    "https://esm.sh/v135/proxy-from-env@1.1.0/denonext/proxy-from-env.mjs": "5a2113ba20eb6fc83d6d68efd3aa65c4b61f05611da20339b14d165807eccfd7",
    "https://esm.sh/v135/utf-8-validate@6.0.4/denonext/utf-8-validate.mjs": "ab4990b545a45f10f7711c69046ee3e9c5b732b9781937f922cefd3fc99d0e88",
    "https://esm.sh/v135/ws@8.18.0/denonext/ws.mjs": "b4c6f51c7c4d60d2a880889c9b07e00aa367adf20a8304a365cc5e09051a5004"
  }
}
